{
  "name": "common",
  "version": "1.0.0",
  "lockfileVersion": 3,
  "requires": true,
  "packages": {
    "": {
      "name": "common",
      "version": "1.0.0",
      "license": "ISC",
      "dependencies": {
        "zod": "^3.25.30"
      }
    },
    "node_modules/zod": {
      "version": "3.25.30",
      "resolved": "https://registry.npmjs.org/zod/-/zod-3.25.30.tgz",
      "integrity": "sha512-VolhdEtu6TJr/fzGuHA/SZ5ixvXqA6ADOG9VRcQ3rdOKmF5hkmcJbyaQjUH5BgmpA9gej++zYRX7zjSmdReIwA==",
      "funding": {
        "url": "https://github.com/sponsors/colinhacks"
      }
    }
  }
}
